
Microsoft Visual Studio Solution File, Format Version 12.00
# Visual Studio Version 17
VisualStudioVersion = 17.3.32819.101
MinimumVisualStudioVersion = 10.0.40219.1
Project("{FAE04EC0-301F-11D3-BF4B-00C04F79EFBC}") = "Calculadora.Util", "Calculadora.Util\Calculadora.Util.csproj", "{D31A2CC9-F781-4BE8-9570-5E34E71E3B3F}"
EndProject
Project("{2150E333-8FDC-42A3-9474-1A3956D46DE8}") = "Tests", "Tests", "{A8AB2B99-4F40-4947-A669-EBF012761028}"
EndProject
Project("{FAE04EC0-301F-11D3-BF4B-00C04F79EFBC}") = "Calculadora.MSTests", "Calculadora.MSTests\Calculadora.MSTests.csproj", "{B0C9B2D3-82BA-4666-9A7E-D6C2F3EA6457}"
EndProject
Project("{FAE04EC0-301F-11D3-BF4B-00C04F79EFBC}") = "Calculadora.NUnit", "Calculadora.NUnit\Calculadora.NUnit.csproj", "{AE1D6A13-1A0A-4D10-BDA0-946B678AF717}"
EndProject
Global
	GlobalSection(SolutionConfigurationPlatforms) = preSolution
		Debug|Any CPU = Debug|Any CPU
		Release|Any CPU = Release|Any CPU
	EndGlobalSection
	GlobalSection(ProjectConfigurationPlatforms) = postSolution
		{D31A2CC9-F781-4BE8-9570-5E34E71E3B3F}.Debug|Any CPU.ActiveCfg = Debug|Any CPU
		{D31A2CC9-F781-4BE8-9570-5E34E71E3B3F}.Debug|Any CPU.Build.0 = Debug|Any CPU
		{D31A2CC9-F781-4BE8-9570-5E34E71E3B3F}.Release|Any CPU.ActiveCfg = Release|Any CPU
		{D31A2CC9-F781-4BE8-9570-5E34E71E3B3F}.Release|Any CPU.Build.0 = Release|Any CPU
		{B0C9B2D3-82BA-4666-9A7E-D6C2F3EA6457}.Debug|Any CPU.ActiveCfg = Debug|Any CPU
		{B0C9B2D3-82BA-4666-9A7E-D6C2F3EA6457}.Debug|Any CPU.Build.0 = Debug|Any CPU
		{B0C9B2D3-82BA-4666-9A7E-D6C2F3EA6457}.Release|Any CPU.ActiveCfg = Release|Any CPU
		{B0C9B2D3-82BA-4666-9A7E-D6C2F3EA6457}.Release|Any CPU.Build.0 = Release|Any CPU
		{AE1D6A13-1A0A-4D10-BDA0-946B678AF717}.Debug|Any CPU.ActiveCfg = Debug|Any CPU
		{AE1D6A13-1A0A-4D10-BDA0-946B678AF717}.Debug|Any CPU.Build.0 = Debug|Any CPU
		{AE1D6A13-1A0A-4D10-BDA0-946B678AF717}.Release|Any CPU.ActiveCfg = Release|Any CPU
		{AE1D6A13-1A0A-4D10-BDA0-946B678AF717}.Release|Any CPU.Build.0 = Release|Any CPU
	EndGlobalSection
	GlobalSection(SolutionProperties) = preSolution
		HideSolutionNode = FALSE
	EndGlobalSection
	GlobalSection(NestedProjects) = preSolution
		{B0C9B2D3-82BA-4666-9A7E-D6C2F3EA6457} = {A8AB2B99-4F40-4947-A669-EBF012761028}
		{AE1D6A13-1A0A-4D10-BDA0-946B678AF717} = {A8AB2B99-4F40-4947-A669-EBF012761028}
	EndGlobalSection
	GlobalSection(ExtensibilityGlobals) = postSolution
		SolutionGuid = {3D402F72-0DA6-486A-B140-BF2C2AB69863}
	EndGlobalSection
EndGlobal
